
Microsoft Visual Studio Solution File, Format Version 12.00
# Visual Studio 15
VisualStudioVersion = 15.0.28307.1169
MinimumVisualStudioVersion = 10.0.40219.1
Project("{FAE04EC0-301F-11D3-BF4B-00C04F79EFBC}") = "MVCProject_ArefinFardu", "MVCProject_ArefinFardu\MVCProject_ArefinFardu.csproj", "{EAA67B27-1CD0-4F18-AAA0-422A0A18A13A}"
EndProject
Global
	GlobalSection(SolutionConfigurationPlatforms) = preSolution
		Debug|Any CPU = Debug|Any CPU
		Release|Any CPU = Release|Any CPU
	EndGlobalSection
	GlobalSection(ProjectConfigurationPlatforms) = postSolution
		{EAA67B27-1CD0-4F18-AAA0-422A0A18A13A}.Debug|Any CPU.ActiveCfg = Debug|Any CPU
		{EAA67B27-1CD0-4F18-AAA0-422A0A18A13A}.Debug|Any CPU.Build.0 = Debug|Any CPU
		{EAA67B27-1CD0-4F18-AAA0-422A0A18A13A}.Release|Any CPU.ActiveCfg = Release|Any CPU
		{EAA67B27-1CD0-4F18-AAA0-422A0A18A13A}.Release|Any CPU.Build.0 = Release|Any CPU
	EndGlobalSection
	GlobalSection(SolutionProperties) = preSolution
		HideSolutionNode = FALSE
	EndGlobalSection
	GlobalSection(ExtensibilityGlobals) = postSolution
		SolutionGuid = {F82CBB14-6E7F-49F3-882D-08733C1D6ECC}
	EndGlobalSection
EndGlobal
